
Microsoft Visual Studio Solution File, Format Version 12.00
# Visual Studio 2015
Project("{FAE04EC0-301F-11D3-BF4B-00C04F79EFBC}") = "Fantasy Project.Plugins", "Fantasy Project.Plugins.csproj", "{CE6F01F6-7543-4D2B-0803-09CE4AD2B8FA}"
EndProject
Project("{FAE04EC0-301F-11D3-BF4B-00C04F79EFBC}") = "Fantasy Project", "Fantasy Project.csproj", "{4552080B-AD0D-6B8D-DFE0-EC3C87B8D150}"
EndProject
Project("{FAE04EC0-301F-11D3-BF4B-00C04F79EFBC}") = "Fantasy Project.Editor", "Fantasy Project.Editor.csproj", "{376A0332-BD8B-0571-47ED-D8DB49981C9B}"
EndProject
Global
	GlobalSection(SolutionConfigurationPlatforms) = preSolution
		Debug|Any CPU = Debug|Any CPU
		Release|Any CPU = Release|Any CPU
	EndGlobalSection
	GlobalSection(ProjectConfigurationPlatforms) = postSolution
		{CE6F01F6-7543-4D2B-0803-09CE4AD2B8FA}.Debug|Any CPU.ActiveCfg = Debug|Any CPU
		{CE6F01F6-7543-4D2B-0803-09CE4AD2B8FA}.Debug|Any CPU.Build.0 = Debug|Any CPU
		{CE6F01F6-7543-4D2B-0803-09CE4AD2B8FA}.Release|Any CPU.ActiveCfg = Release|Any CPU
		{CE6F01F6-7543-4D2B-0803-09CE4AD2B8FA}.Release|Any CPU.Build.0 = Release|Any CPU
		{4552080B-AD0D-6B8D-DFE0-EC3C87B8D150}.Debug|Any CPU.ActiveCfg = Debug|Any CPU
		{4552080B-AD0D-6B8D-DFE0-EC3C87B8D150}.Debug|Any CPU.Build.0 = Debug|Any CPU
		{4552080B-AD0D-6B8D-DFE0-EC3C87B8D150}.Release|Any CPU.ActiveCfg = Release|Any CPU
		{4552080B-AD0D-6B8D-DFE0-EC3C87B8D150}.Release|Any CPU.Build.0 = Release|Any CPU
		{376A0332-BD8B-0571-47ED-D8DB49981C9B}.Debug|Any CPU.ActiveCfg = Debug|Any CPU
		{376A0332-BD8B-0571-47ED-D8DB49981C9B}.Debug|Any CPU.Build.0 = Debug|Any CPU
		{376A0332-BD8B-0571-47ED-D8DB49981C9B}.Release|Any CPU.ActiveCfg = Release|Any CPU
		{376A0332-BD8B-0571-47ED-D8DB49981C9B}.Release|Any CPU.Build.0 = Release|Any CPU
	EndGlobalSection
	GlobalSection(SolutionProperties) = preSolution
		HideSolutionNode = FALSE
	EndGlobalSection
EndGlobal
